// !$*UTF8*$!
{
	archiveVersion = 1;
	classes = {
	};
	objectVersion = 46;
	objects = {

/* Begin PBXBuildFile section */
		4D0B803D1B31C9F600F3FB48 /* main.m in Sources */ = {isa = PBXBuildFile; fileRef = 4D0B803C1B31C9F600F3FB48 /* main.m */; };
		4D0B80401B31C9F600F3FB48 /* AppDelegate.m in Sources */ = {isa = PBXBuildFile; fileRef = 4D0B803F1B31C9F600F3FB48 /* AppDelegate.m */; };
		4D0B80431B31C9F600F3FB48 /* ViewController.m in Sources */ = {isa = PBXBuildFile; fileRef = 4D0B80421B31C9F600F3FB48 /* ViewController.m */; };
		4D0B80461B31C9F600F3FB48 /* Main.storyboard in Resources */ = {isa = PBXBuildFile; fileRef = 4D0B80441B31C9F600F3FB48 /* Main.storyboard */; };
		4D0B80481B31C9F600F3FB48 /* Images.xcassets in Resources */ = {isa = PBXBuildFile; fileRef = 4D0B80471B31C9F600F3FB48 /* Images.xcassets */; };
		4D0B804B1B31C9F600F3FB48 /* LaunchScreen.xib in Resources */ = {isa = PBXBuildFile; fileRef = 4D0B80491B31C9F600F3FB48 /* LaunchScreen.xib */; };
		4D0B80571B31C9F700F3FB48 /* DribbbleSDKDevTests.m in Sources */ = {isa = PBXBuildFile; fileRef = 4D0B80561B31C9F700F3FB48 /* DribbbleSDKDevTests.m */; };
		4D0B80621B31CA6400F3FB48 /* LoginViewController.m in Sources */ = {isa = PBXBuildFile; fileRef = 4D0B80611B31CA6400F3FB48 /* LoginViewController.m */; };
		4D0B80821B31CB2B00F3FB48 /* DRApiClient.m in Sources */ = {isa = PBXBuildFile; fileRef = 4D0B80661B31CB2B00F3FB48 /* DRApiClient.m */; };
		4D0B80831B31CB2B00F3FB48 /* DRApiClientSettings.m in Sources */ = {isa = PBXBuildFile; fileRef = 4D0B80681B31CB2B00F3FB48 /* DRApiClientSettings.m */; };
		4D0B80841B31CB2B00F3FB48 /* DROAuthManager.m in Sources */ = {isa = PBXBuildFile; fileRef = 4D0B806C1B31CB2B00F3FB48 /* DROAuthManager.m */; };
		4D0B80851B31CB2B00F3FB48 /* LICENSE in Resources */ = {isa = PBXBuildFile; fileRef = 4D0B806E1B31CB2B00F3FB48 /* LICENSE */; };
		4D0B80861B31CB2B00F3FB48 /* DRApiResponse.m in Sources */ = {isa = PBXBuildFile; fileRef = 4D0B80711B31CB2B00F3FB48 /* DRApiResponse.m */; };
		4D0B80871B31CB2B00F3FB48 /* DRFolloweeUser.m in Sources */ = {isa = PBXBuildFile; fileRef = 4D0B80731B31CB2B00F3FB48 /* DRFolloweeUser.m */; };
		4D0B80881B31CB2B00F3FB48 /* DRImage.m in Sources */ = {isa = PBXBuildFile; fileRef = 4D0B80751B31CB2B00F3FB48 /* DRImage.m */; };
		4D0B80891B31CB2B00F3FB48 /* DRLink.m in Sources */ = {isa = PBXBuildFile; fileRef = 4D0B80771B31CB2B00F3FB48 /* DRLink.m */; };
		4D0B808A1B31CB2B00F3FB48 /* DRShot.m in Sources */ = {isa = PBXBuildFile; fileRef = 4D0B80791B31CB2B00F3FB48 /* DRShot.m */; };
		4D0B808B1B31CB2B00F3FB48 /* DRShotCategory.m in Sources */ = {isa = PBXBuildFile; fileRef = 4D0B807B1B31CB2B00F3FB48 /* DRShotCategory.m */; };
		4D0B808C1B31CB2B00F3FB48 /* DRTeam.m in Sources */ = {isa = PBXBuildFile; fileRef = 4D0B807D1B31CB2B00F3FB48 /* DRTeam.m */; };
		4D0B808D1B31CB2B00F3FB48 /* DRTransactionModel.m in Sources */ = {isa = PBXBuildFile; fileRef = 4D0B807F1B31CB2B00F3FB48 /* DRTransactionModel.m */; };
		4D0B808E1B31CB2B00F3FB48 /* DRUser.m in Sources */ = {isa = PBXBuildFile; fileRef = 4D0B80811B31CB2B00F3FB48 /* DRUser.m */; };
		E618F33605AC37AD18F75A06 /* libPods-DribbbleSDKDev.a in Frameworks */ = {isa = PBXBuildFile; fileRef = 898B80CF5E634A6F14792E1D /* libPods-DribbbleSDKDev.a */; };
/* End PBXBuildFile section */

/* Begin PBXContainerItemProxy section */
		4D0B80511B31C9F700F3FB48 /* PBXContainerItemProxy */ = {
			isa = PBXContainerItemProxy;
			containerPortal = 4D0B802F1B31C9F600F3FB48 /* Project object */;
			proxyType = 1;
			remoteGlobalIDString = 4D0B80361B31C9F600F3FB48;
			remoteInfo = DribbbleSDKDev;
		};
/* End PBXContainerItemProxy section */

/* Begin PBXFileReference section */
		4D0B80371B31C9F600F3FB48 /* DribbbleSDKDev.app */ = {isa = PBXFileReference; explicitFileType = wrapper.application; includeInIndex = 0; path = DribbbleSDKDev.app; sourceTree = BUILT_PRODUCTS_DIR; };
		4D0B803B1B31C9F600F3FB48 /* Info.plist */ = {isa = PBXFileReference; lastKnownFileType = text.plist.xml; path = Info.plist; sourceTree = "<group>"; };
		4D0B803C1B31C9F600F3FB48 /* main.m */ = {isa = PBXFileReference; lastKnownFileType = sourcecode.c.objc; path = main.m; sourceTree = "<group>"; };
		4D0B803E1B31C9F600F3FB48 /* AppDelegate.h */ = {isa = PBXFileReference; lastKnownFileType = sourcecode.c.h; path = AppDelegate.h; sourceTree = "<group>"; };
		4D0B803F1B31C9F600F3FB48 /* AppDelegate.m */ = {isa = PBXFileReference; lastKnownFileType = sourcecode.c.objc; path = AppDelegate.m; sourceTree = "<group>"; };
		4D0B80411B31C9F600F3FB48 /* ViewController.h */ = {isa = PBXFileReference; lastKnownFileType = sourcecode.c.h; path = ViewController.h; sourceTree = "<group>"; };
		4D0B80421B31C9F600F3FB48 /* ViewController.m */ = {isa = PBXFileReference; lastKnownFileType = sourcecode.c.objc; path = ViewController.m; sourceTree = "<group>"; };
		4D0B80451B31C9F600F3FB48 /* Base */ = {isa = PBXFileReference; lastKnownFileType = file.storyboard; name = Base; path = Base.lproj/Main.storyboard; sourceTree = "<group>"; };
		4D0B80471B31C9F600F3FB48 /* Images.xcassets */ = {isa = PBXFileReference; lastKnownFileType = folder.assetcatalog; path = Images.xcassets; sourceTree = "<group>"; };
		4D0B804A1B31C9F600F3FB48 /* Base */ = {isa = PBXFileReference; lastKnownFileType = file.xib; name = Base; path = Base.lproj/LaunchScreen.xib; sourceTree = "<group>"; };
		4D0B80501B31C9F700F3FB48 /* DribbbleSDKDevTests.xctest */ = {isa = PBXFileReference; explicitFileType = wrapper.cfbundle; includeInIndex = 0; path = DribbbleSDKDevTests.xctest; sourceTree = BUILT_PRODUCTS_DIR; };
		4D0B80551B31C9F700F3FB48 /* Info.plist */ = {isa = PBXFileReference; lastKnownFileType = text.plist.xml; path = Info.plist; sourceTree = "<group>"; };
		4D0B80561B31C9F700F3FB48 /* DribbbleSDKDevTests.m */ = {isa = PBXFileReference; lastKnownFileType = sourcecode.c.objc; path = DribbbleSDKDevTests.m; sourceTree = "<group>"; };
		4D0B80601B31CA6400F3FB48 /* LoginViewController.h */ = {isa = PBXFileReference; fileEncoding = 4; lastKnownFileType = sourcecode.c.h; path = LoginViewController.h; sourceTree = "<group>"; };
		4D0B80611B31CA6400F3FB48 /* LoginViewController.m */ = {isa = PBXFileReference; fileEncoding = 4; lastKnownFileType = sourcecode.c.objc; path = LoginViewController.m; sourceTree = "<group>"; };
		4D0B80651B31CB2B00F3FB48 /* DRApiClient.h */ = {isa = PBXFileReference; fileEncoding = 4; lastKnownFileType = sourcecode.c.h; path = DRApiClient.h; sourceTree = "<group>"; };
		4D0B80661B31CB2B00F3FB48 /* DRApiClient.m */ = {isa = PBXFileReference; fileEncoding = 4; lastKnownFileType = sourcecode.c.objc; lineEnding = 0; path = DRApiClient.m; sourceTree = "<group>"; xcLanguageSpecificationIdentifier = xcode.lang.objc; };
		4D0B80671B31CB2B00F3FB48 /* DRApiClientSettings.h */ = {isa = PBXFileReference; fileEncoding = 4; lastKnownFileType = sourcecode.c.h; path = DRApiClientSettings.h; sourceTree = "<group>"; };
		4D0B80681B31CB2B00F3FB48 /* DRApiClientSettings.m */ = {isa = PBXFileReference; fileEncoding = 4; lastKnownFileType = sourcecode.c.objc; path = DRApiClientSettings.m; sourceTree = "<group>"; };
		4D0B80691B31CB2B00F3FB48 /* DRDefinitions.h */ = {isa = PBXFileReference; fileEncoding = 4; lastKnownFileType = sourcecode.c.h; lineEnding = 0; path = DRDefinitions.h; sourceTree = "<group>"; xcLanguageSpecificationIdentifier = xcode.lang.objcpp; };
		4D0B806A1B31CB2B00F3FB48 /* DREnums.h */ = {isa = PBXFileReference; fileEncoding = 4; lastKnownFileType = sourcecode.c.h; path = DREnums.h; sourceTree = "<group>"; };
		4D0B806B1B31CB2B00F3FB48 /* DROAuthManager.h */ = {isa = PBXFileReference; fileEncoding = 4; lastKnownFileType = sourcecode.c.h; path = DROAuthManager.h; sourceTree = "<group>"; };
		4D0B806C1B31CB2B00F3FB48 /* DROAuthManager.m */ = {isa = PBXFileReference; fileEncoding = 4; lastKnownFileType = sourcecode.c.objc; path = DROAuthManager.m; sourceTree = "<group>"; };
		4D0B806D1B31CB2B00F3FB48 /* DribbbleSDK.h */ = {isa = PBXFileReference; fileEncoding = 4; lastKnownFileType = sourcecode.c.h; path = DribbbleSDK.h; sourceTree = "<group>"; };
		4D0B806E1B31CB2B00F3FB48 /* LICENSE */ = {isa = PBXFileReference; fileEncoding = 4; lastKnownFileType = text; path = LICENSE; sourceTree = "<group>"; };
		4D0B80701B31CB2B00F3FB48 /* DRApiResponse.h */ = {isa = PBXFileReference; fileEncoding = 4; lastKnownFileType = sourcecode.c.h; path = DRApiResponse.h; sourceTree = "<group>"; };
		4D0B80711B31CB2B00F3FB48 /* DRApiResponse.m */ = {isa = PBXFileReference; fileEncoding = 4; lastKnownFileType = sourcecode.c.objc; path = DRApiResponse.m; sourceTree = "<group>"; };
		4D0B80721B31CB2B00F3FB48 /* DRFolloweeUser.h */ = {isa = PBXFileReference; fileEncoding = 4; lastKnownFileType = sourcecode.c.h; path = DRFolloweeUser.h; sourceTree = "<group>"; };
		4D0B80731B31CB2B00F3FB48 /* DRFolloweeUser.m */ = {isa = PBXFileReference; fileEncoding = 4; lastKnownFileType = sourcecode.c.objc; path = DRFolloweeUser.m; sourceTree = "<group>"; };
		4D0B80741B31CB2B00F3FB48 /* DRImage.h */ = {isa = PBXFileReference; fileEncoding = 4; lastKnownFileType = sourcecode.c.h; path = DRImage.h; sourceTree = "<group>"; };
		4D0B80751B31CB2B00F3FB48 /* DRImage.m */ = {isa = PBXFileReference; fileEncoding = 4; lastKnownFileType = sourcecode.c.objc; path = DRImage.m; sourceTree = "<group>"; };
		4D0B80761B31CB2B00F3FB48 /* DRLink.h */ = {isa = PBXFileReference; fileEncoding = 4; lastKnownFileType = sourcecode.c.h; path = DRLink.h; sourceTree = "<group>"; };
		4D0B80771B31CB2B00F3FB48 /* DRLink.m */ = {isa = PBXFileReference; fileEncoding = 4; lastKnownFileType = sourcecode.c.objc; path = DRLink.m; sourceTree = "<group>"; };
		4D0B80781B31CB2B00F3FB48 /* DRShot.h */ = {isa = PBXFileReference; fileEncoding = 4; lastKnownFileType = sourcecode.c.h; path = DRShot.h; sourceTree = "<group>"; };
		4D0B80791B31CB2B00F3FB48 /* DRShot.m */ = {isa = PBXFileReference; fileEncoding = 4; lastKnownFileType = sourcecode.c.objc; path = DRShot.m; sourceTree = "<group>"; };
		4D0B807A1B31CB2B00F3FB48 /* DRShotCategory.h */ = {isa = PBXFileReference; fileEncoding = 4; lastKnownFileType = sourcecode.c.h; path = DRShotCategory.h; sourceTree = "<group>"; };
		4D0B807B1B31CB2B00F3FB48 /* DRShotCategory.m */ = {isa = PBXFileReference; fileEncoding = 4; lastKnownFileType = sourcecode.c.objc; path = DRShotCategory.m; sourceTree = "<group>"; };
		4D0B807C1B31CB2B00F3FB48 /* DRTeam.h */ = {isa = PBXFileReference; fileEncoding = 4; lastKnownFileType = sourcecode.c.h; path = DRTeam.h; sourceTree = "<group>"; };
		4D0B807D1B31CB2B00F3FB48 /* DRTeam.m */ = {isa = PBXFileReference; fileEncoding = 4; lastKnownFileType = sourcecode.c.objc; path = DRTeam.m; sourceTree = "<group>"; };
		4D0B807E1B31CB2B00F3FB48 /* DRTransactionModel.h */ = {isa = PBXFileReference; fileEncoding = 4; lastKnownFileType = sourcecode.c.h; path = DRTransactionModel.h; sourceTree = "<group>"; };
		4D0B807F1B31CB2B00F3FB48 /* DRTransactionModel.m */ = {isa = PBXFileReference; fileEncoding = 4; lastKnownFileType = sourcecode.c.objc; path = DRTransactionModel.m; sourceTree = "<group>"; };
		4D0B80801B31CB2B00F3FB48 /* DRUser.h */ = {isa = PBXFileReference; fileEncoding = 4; lastKnownFileType = sourcecode.c.h; path = DRUser.h; sourceTree = "<group>"; };
		4D0B80811B31CB2B00F3FB48 /* DRUser.m */ = {isa = PBXFileReference; fileEncoding = 4; lastKnownFileType = sourcecode.c.objc; path = DRUser.m; sourceTree = "<group>"; };
		634E60F17D4CBD63B98BF83A /* Pods-DribbbleSDKDev.release.xcconfig */ = {isa = PBXFileReference; includeInIndex = 1; lastKnownFileType = text.xcconfig; name = "Pods-DribbbleSDKDev.release.xcconfig"; path = "../DribbbleSDKDemo/Pods/Target Support Files/Pods-DribbbleSDKDev/Pods-DribbbleSDKDev.release.xcconfig"; sourceTree = "<group>"; };
		898B80CF5E634A6F14792E1D /* libPods-DribbbleSDKDev.a */ = {isa = PBXFileReference; explicitFileType = archive.ar; includeInIndex = 0; path = "libPods-DribbbleSDKDev.a"; sourceTree = BUILT_PRODUCTS_DIR; };
		943273C57BC3D6EACA3EF09E /* Pods-DribbbleSDKDev.debug.xcconfig */ = {isa = PBXFileReference; includeInIndex = 1; lastKnownFileType = text.xcconfig; name = "Pods-DribbbleSDKDev.debug.xcconfig"; path = "../DribbbleSDKDemo/Pods/Target Support Files/Pods-DribbbleSDKDev/Pods-DribbbleSDKDev.debug.xcconfig"; sourceTree = "<group>"; };
/* End PBXFileReference section */

/* Begin PBXFrameworksBuildPhase section */
		4D0B80341B31C9F600F3FB48 /* Frameworks */ = {
			isa = PBXFrameworksBuildPhase;
			buildActionMask = 2147483647;
			files = (
				E618F33605AC37AD18F75A06 /* libPods-DribbbleSDKDev.a in Frameworks */,
			);
			runOnlyForDeploymentPostprocessing = 0;
		};
		4D0B804D1B31C9F700F3FB48 /* Frameworks */ = {
			isa = PBXFrameworksBuildPhase;
			buildActionMask = 2147483647;
			files = (
			);
			runOnlyForDeploymentPostprocessing = 0;
		};
/* End PBXFrameworksBuildPhase section */

/* Begin PBXGroup section */
		179B497CC76F1C89F1C6266B /* Pods */ = {
			isa = PBXGroup;
			children = (
				943273C57BC3D6EACA3EF09E /* Pods-DribbbleSDKDev.debug.xcconfig */,
				634E60F17D4CBD63B98BF83A /* Pods-DribbbleSDKDev.release.xcconfig */,
			);
			name = Pods;
			sourceTree = "<group>";
		};
		4D0B802E1B31C9F600F3FB48 = {
			isa = PBXGroup;
			children = (
				4D0B80631B31CB2B00F3FB48 /* DribbbleSDK */,
				4D0B80391B31C9F600F3FB48 /* DribbbleSDKDev */,
				4D0B80531B31C9F700F3FB48 /* DribbbleSDKDevTests */,
				4D0B80381B31C9F600F3FB48 /* Products */,
				179B497CC76F1C89F1C6266B /* Pods */,
				5723FFCF871012FB4DAA5773 /* Frameworks */,
			);
			sourceTree = "<group>";
		};
		4D0B80381B31C9F600F3FB48 /* Products */ = {
			isa = PBXGroup;
			children = (
				4D0B80371B31C9F600F3FB48 /* DribbbleSDKDev.app */,
				4D0B80501B31C9F700F3FB48 /* DribbbleSDKDevTests.xctest */,
			);
			name = Products;
			sourceTree = "<group>";
		};
		4D0B80391B31C9F600F3FB48 /* DribbbleSDKDev */ = {
			isa = PBXGroup;
			children = (
				4D0B803E1B31C9F600F3FB48 /* AppDelegate.h */,
				4D0B803F1B31C9F600F3FB48 /* AppDelegate.m */,
				4D0B80411B31C9F600F3FB48 /* ViewController.h */,
				4D0B80421B31C9F600F3FB48 /* ViewController.m */,
				4D0B80601B31CA6400F3FB48 /* LoginViewController.h */,
				4D0B80611B31CA6400F3FB48 /* LoginViewController.m */,
				4D0B80441B31C9F600F3FB48 /* Main.storyboard */,
				4D0B80471B31C9F600F3FB48 /* Images.xcassets */,
				4D0B80491B31C9F600F3FB48 /* LaunchScreen.xib */,
				4D0B803A1B31C9F600F3FB48 /* Supporting Files */,
			);
			path = DribbbleSDKDev;
			sourceTree = "<group>";
		};
		4D0B803A1B31C9F600F3FB48 /* Supporting Files */ = {
			isa = PBXGroup;
			children = (
				4D0B803B1B31C9F600F3FB48 /* Info.plist */,
				4D0B803C1B31C9F600F3FB48 /* main.m */,
			);
			name = "Supporting Files";
			sourceTree = "<group>";
		};
		4D0B80531B31C9F700F3FB48 /* DribbbleSDKDevTests */ = {
			isa = PBXGroup;
			children = (
				4D0B80561B31C9F700F3FB48 /* DribbbleSDKDevTests.m */,
				4D0B80541B31C9F700F3FB48 /* Supporting Files */,
			);
			path = DribbbleSDKDevTests;
			sourceTree = "<group>";
		};
		4D0B80541B31C9F700F3FB48 /* Supporting Files */ = {
			isa = PBXGroup;
			children = (
				4D0B80551B31C9F700F3FB48 /* Info.plist */,
			);
			name = "Supporting Files";
			sourceTree = "<group>";
		};
		4D0B80631B31CB2B00F3FB48 /* DribbbleSDK */ = {
			isa = PBXGroup;
			children = (
				4D0B80641B31CB2B00F3FB48 /* Client */,
				4D0B806D1B31CB2B00F3FB48 /* DribbbleSDK.h */,
				4D0B806E1B31CB2B00F3FB48 /* LICENSE */,
				4D0B806F1B31CB2B00F3FB48 /* Models */,
			);
			name = DribbbleSDK;
			path = ../DribbbleSDK;
			sourceTree = "<group>";
		};
		4D0B80641B31CB2B00F3FB48 /* Client */ = {
			isa = PBXGroup;
			children = (
				4D0B80651B31CB2B00F3FB48 /* DRApiClient.h */,
				4D0B80661B31CB2B00F3FB48 /* DRApiClient.m */,
				4D0B80671B31CB2B00F3FB48 /* DRApiClientSettings.h */,
				4D0B80681B31CB2B00F3FB48 /* DRApiClientSettings.m */,
				4D0B80691B31CB2B00F3FB48 /* DRDefinitions.h */,
				4D0B806A1B31CB2B00F3FB48 /* DREnums.h */,
				4D0B806B1B31CB2B00F3FB48 /* DROAuthManager.h */,
				4D0B806C1B31CB2B00F3FB48 /* DROAuthManager.m */,
			);
			path = Client;
			sourceTree = "<group>";
		};
		4D0B806F1B31CB2B00F3FB48 /* Models */ = {
			isa = PBXGroup;
			children = (
				4D0B80701B31CB2B00F3FB48 /* DRApiResponse.h */,
				4D0B80711B31CB2B00F3FB48 /* DRApiResponse.m */,
				4D0B80721B31CB2B00F3FB48 /* DRFolloweeUser.h */,
				4D0B80731B31CB2B00F3FB48 /* DRFolloweeUser.m */,
				4D0B80741B31CB2B00F3FB48 /* DRImage.h */,
				4D0B80751B31CB2B00F3FB48 /* DRImage.m */,
				4D0B80761B31CB2B00F3FB48 /* DRLink.h */,
				4D0B80771B31CB2B00F3FB48 /* DRLink.m */,
				4D0B80781B31CB2B00F3FB48 /* DRShot.h */,
				4D0B80791B31CB2B00F3FB48 /* DRShot.m */,
				4D0B807A1B31CB2B00F3FB48 /* DRShotCategory.h */,
				4D0B807B1B31CB2B00F3FB48 /* DRShotCategory.m */,
				4D0B807C1B31CB2B00F3FB48 /* DRTeam.h */,
				4D0B807D1B31CB2B00F3FB48 /* DRTeam.m */,
				4D0B807E1B31CB2B00F3FB48 /* DRTransactionModel.h */,
				4D0B807F1B31CB2B00F3FB48 /* DRTransactionModel.m */,
				4D0B80801B31CB2B00F3FB48 /* DRUser.h */,
				4D0B80811B31CB2B00F3FB48 /* DRUser.m */,
			);
			path = Models;
			sourceTree = "<group>";
		};
		5723FFCF871012FB4DAA5773 /* Frameworks */ = {
			isa = PBXGroup;
			children = (
				898B80CF5E634A6F14792E1D /* libPods-DribbbleSDKDev.a */,
			);
			name = Frameworks;
			sourceTree = "<group>";
		};
/* End PBXGroup section */

/* Begin PBXNativeTarget section */
		4D0B80361B31C9F600F3FB48 /* DribbbleSDKDev */ = {
			isa = PBXNativeTarget;
			buildConfigurationList = 4D0B805A1B31C9F700F3FB48 /* Build configuration list for PBXNativeTarget "DribbbleSDKDev" */;
			buildPhases = (
				105023B1A007FA765D8B55BB /* Check Pods Manifest.lock */,
				4D0B80331B31C9F600F3FB48 /* Sources */,
				4D0B80341B31C9F600F3FB48 /* Frameworks */,
				4D0B80351B31C9F600F3FB48 /* Resources */,
				7E42B67831DD76BB9D84B3AB /* Copy Pods Resources */,
			);
			buildRules = (
			);
			dependencies = (
			);
			name = DribbbleSDKDev;
			productName = DribbbleSDKDev;
			productReference = 4D0B80371B31C9F600F3FB48 /* DribbbleSDKDev.app */;
			productType = "com.apple.product-type.application";
		};
		4D0B804F1B31C9F700F3FB48 /* DribbbleSDKDevTests */ = {
			isa = PBXNativeTarget;
			buildConfigurationList = 4D0B805D1B31C9F700F3FB48 /* Build configuration list for PBXNativeTarget "DribbbleSDKDevTests" */;
			buildPhases = (
				4D0B804C1B31C9F700F3FB48 /* Sources */,
				4D0B804D1B31C9F700F3FB48 /* Frameworks */,
				4D0B804E1B31C9F700F3FB48 /* Resources */,
			);
			buildRules = (
			);
			dependencies = (
				4D0B80521B31C9F700F3FB48 /* PBXTargetDependency */,
			);
			name = DribbbleSDKDevTests;
			productName = DribbbleSDKDevTests;
			productReference = 4D0B80501B31C9F700F3FB48 /* DribbbleSDKDevTests.xctest */;
			productType = "com.apple.product-type.bundle.unit-test";
		};
/* End PBXNativeTarget section */

/* Begin PBXProject section */
		4D0B802F1B31C9F600F3FB48 /* Project object */ = {
			isa = PBXProject;
			attributes = {
				LastUpgradeCheck = 0630;
				ORGANIZATIONNAME = Agilie;
				TargetAttributes = {
					4D0B80361B31C9F600F3FB48 = {
						CreatedOnToolsVersion = 6.3.2;
					};
					4D0B804F1B31C9F700F3FB48 = {
						CreatedOnToolsVersion = 6.3.2;
						TestTargetID = 4D0B80361B31C9F600F3FB48;
					};
				};
			};
			buildConfigurationList = 4D0B80321B31C9F600F3FB48 /* Build configuration list for PBXProject "DribbbleSDKDev" */;
			compatibilityVersion = "Xcode 3.2";
			developmentRegion = English;
			hasScannedForEncodings = 0;
			knownRegions = (
				en,
				Base,
			);
			mainGroup = 4D0B802E1B31C9F600F3FB48;
			productRefGroup = 4D0B80381B31C9F600F3FB48 /* Products */;
			projectDirPath = "";
			projectRoot = "";
			targets = (
				4D0B80361B31C9F600F3FB48 /* DribbbleSDKDev */,
				4D0B804F1B31C9F700F3FB48 /* DribbbleSDKDevTests */,
			);
		};
/* End PBXProject section */

/* Begin PBXResourcesBuildPhase section */
		4D0B80351B31C9F600F3FB48 /* Resources */ = {
			isa = PBXResourcesBuildPhase;
			buildActionMask = 2147483647;
			files = (
				4D0B80461B31C9F600F3FB48 /* Main.storyboard in Resources */,
				4D0B804B1B31C9F600F3FB48 /* LaunchScreen.xib in Resources */,
				4D0B80851B31CB2B00F3FB48 /* LICENSE in Resources */,
				4D0B80481B31C9F600F3FB48 /* Images.xcassets in Resources */,
			);
			runOnlyForDeploymentPostprocessing = 0;
		};
		4D0B804E1B31C9F700F3FB48 /* Resources */ = {
			isa = PBXResourcesBuildPhase;
			buildActionMask = 2147483647;
			files = (
			);
			runOnlyForDeploymentPostprocessing = 0;
		};
/* End PBXResourcesBuildPhase section */

/* Begin PBXShellScriptBuildPhase section */
		105023B1A007FA765D8B55BB /* Check Pods Manifest.lock */ = {
			isa = PBXShellScriptBuildPhase;
			buildActionMask = 2147483647;
			files = (
			);
			inputPaths = (
			);
			name = "Check Pods Manifest.lock";
			outputPaths = (
			);
			runOnlyForDeploymentPostprocessing = 0;
			shellPath = /bin/sh;
			shellScript = "diff \"${PODS_ROOT}/../Podfile.lock\" \"${PODS_ROOT}/Manifest.lock\" > /dev/null\nif [[ $? != 0 ]] ; then\n    cat << EOM\nerror: The sandbox is not in sync with the Podfile.lock. Run 'pod install' or update your CocoaPods installation.\nEOM\n    exit 1\nfi\n";
			showEnvVarsInLog = 0;
		};
		7E42B67831DD76BB9D84B3AB /* Copy Pods Resources */ = {
			isa = PBXShellScriptBuildPhase;
			buildActionMask = 2147483647;
			files = (
			);
			inputPaths = (
			);
			name = "Copy Pods Resources";
			outputPaths = (
			);
			runOnlyForDeploymentPostprocessing = 0;
			shellPath = /bin/sh;
			shellScript = "\"${SRCROOT}/../DribbbleSDKDemo/Pods/Target Support Files/Pods-DribbbleSDKDev/Pods-DribbbleSDKDev-resources.sh\"\n";
			showEnvVarsInLog = 0;
		};
/* End PBXShellScriptBuildPhase section */

/* Begin PBXSourcesBuildPhase section */
		4D0B80331B31C9F600F3FB48 /* Sources */ = {
			isa = PBXSourcesBuildPhase;
			buildActionMask = 2147483647;
			files = (
				4D0B80831B31CB2B00F3FB48 /* DRApiClientSettings.m in Sources */,
				4D0B80881B31CB2B00F3FB48 /* DRImage.m in Sources */,
				4D0B80891B31CB2B00F3FB48 /* DRLink.m in Sources */,
				4D0B808A1B31CB2B00F3FB48 /* DRShot.m in Sources */,
				4D0B80821B31CB2B00F3FB48 /* DRApiClient.m in Sources */,
				4D0B80861B31CB2B00F3FB48 /* DRApiResponse.m in Sources */,
				4D0B80841B31CB2B00F3FB48 /* DROAuthManager.m in Sources */,
				4D0B808B1B31CB2B00F3FB48 /* DRShotCategory.m in Sources */,
				4D0B808E1B31CB2B00F3FB48 /* DRUser.m in Sources */,
				4D0B808D1B31CB2B00F3FB48 /* DRTransactionModel.m in Sources */,
				4D0B808C1B31CB2B00F3FB48 /* DRTeam.m in Sources */,
				4D0B80621B31CA6400F3FB48 /* LoginViewController.m in Sources */,
				4D0B80431B31C9F600F3FB48 /* ViewController.m in Sources */,
				4D0B80871B31CB2B00F3FB48 /* DRFolloweeUser.m in Sources */,
				4D0B80401B31C9F600F3FB48 /* AppDelegate.m in Sources */,
				4D0B803D1B31C9F600F3FB48 /* main.m in Sources */,
			);
			runOnlyForDeploymentPostprocessing = 0;
		};
		4D0B804C1B31C9F700F3FB48 /* Sources */ = {
			isa = PBXSourcesBuildPhase;
			buildActionMask = 2147483647;
			files = (
				4D0B80571B31C9F700F3FB48 /* DribbbleSDKDevTests.m in Sources */,
			);
			runOnlyForDeploymentPostprocessing = 0;
		};
/* End PBXSourcesBuildPhase section */

/* Begin PBXTargetDependency section */
		4D0B80521B31C9F700F3FB48 /* PBXTargetDependency */ = {
			isa = PBXTargetDependency;
			target = 4D0B80361B31C9F600F3FB48 /* DribbbleSDKDev */;
			targetProxy = 4D0B80511B31C9F700F3FB48 /* PBXContainerItemProxy */;
		};
/* End PBXTargetDependency section */

/* Begin PBXVariantGroup section */
		4D0B80441B31C9F600F3FB48 /* Main.storyboard */ = {
			isa = PBXVariantGroup;
			children = (
				4D0B80451B31C9F600F3FB48 /* Base */,
			);
			name = Main.storyboard;
			sourceTree = "<group>";
		};
		4D0B80491B31C9F600F3FB48 /* LaunchScreen.xib */ = {
			isa = PBXVariantGroup;
			children = (
				4D0B804A1B31C9F600F3FB48 /* Base */,
			);
			name = LaunchScreen.xib;
			sourceTree = "<group>";
		};
/* End PBXVariantGroup section */

/* Begin XCBuildConfiguration section */
		4D0B80581B31C9F700F3FB48 /* Debug */ = {
			isa = XCBuildConfiguration;
			buildSettings = {
				ALWAYS_SEARCH_USER_PATHS = NO;
				CLANG_CXX_LANGUAGE_STANDARD = "gnu++0x";
				CLANG_CXX_LIBRARY = "libc++";
				CLANG_ENABLE_MODULES = YES;
				CLANG_ENABLE_OBJC_ARC = YES;
				CLANG_WARN_BOOL_CONVERSION = YES;
				CLANG_WARN_CONSTANT_CONVERSION = YES;
				CLANG_WARN_DIRECT_OBJC_ISA_USAGE = YES_ERROR;
				CLANG_WARN_EMPTY_BODY = YES;
				CLANG_WARN_ENUM_CONVERSION = YES;
				CLANG_WARN_INT_CONVERSION = YES;
				CLANG_WARN_OBJC_ROOT_CLASS = YES_ERROR;
				CLANG_WARN_UNREACHABLE_CODE = YES;
				CLANG_WARN__DUPLICATE_METHOD_MATCH = YES;
				"CODE_SIGN_IDENTITY[sdk=iphoneos*]" = "iPhone Developer";
				COPY_PHASE_STRIP = NO;
				DEBUG_INFORMATION_FORMAT = "dwarf-with-dsym";
				ENABLE_STRICT_OBJC_MSGSEND = YES;
				GCC_C_LANGUAGE_STANDARD = gnu99;
				GCC_DYNAMIC_NO_PIC = NO;
				GCC_NO_COMMON_BLOCKS = YES;
				GCC_OPTIMIZATION_LEVEL = 0;
				GCC_PREPROCESSOR_DEFINITIONS = (
					"DEBUG=1",
					"$(inherited)",
				);
				GCC_SYMBOLS_PRIVATE_EXTERN = NO;
				GCC_WARN_64_TO_32_BIT_CONVERSION = YES;
				GCC_WARN_ABOUT_RETURN_TYPE = YES_ERROR;
				GCC_WARN_UNDECLARED_SELECTOR = YES;
				GCC_WARN_UNINITIALIZED_AUTOS = YES_AGGRESSIVE;
				GCC_WARN_UNUSED_FUNCTION = YES;
				GCC_WARN_UNUSED_VARIABLE = YES;
				IPHONEOS_DEPLOYMENT_TARGET = 8.3;
				MTL_ENABLE_DEBUG_INFO = YES;
				ONLY_ACTIVE_ARCH = YES;
				SDKROOT = iphoneos;
				TARGETED_DEVICE_FAMILY = "1,2";
			};
			name = Debug;
		};
		4D0B80591B31C9F700F3FB48 /* Release */ = {
			isa = XCBuildConfiguration;
			buildSettings = {
				ALWAYS_SEARCH_USER_PATHS = NO;
				CLANG_CXX_LANGUAGE_STANDARD = "gnu++0x";
				CLANG_CXX_LIBRARY = "libc++";
				CLANG_ENABLE_MODULES = YES;
				CLANG_ENABLE_OBJC_ARC = YES;
				CLANG_WARN_BOOL_CONVERSION = YES;
				CLANG_WARN_CONSTANT_CONVERSION = YES;
				CLANG_WARN_DIRECT_OBJC_ISA_USAGE = YES_ERROR;
				CLANG_WARN_EMPTY_BODY = YES;
				CLANG_WARN_ENUM_CONVERSION = YES;
				CLANG_WARN_INT_CONVERSION = YES;
				CLANG_WARN_OBJC_ROOT_CLASS = YES_ERROR;
				CLANG_WARN_UNREACHABLE_CODE = YES;
				CLANG_WARN__DUPLICATE_METHOD_MATCH = YES;
				"CODE_SIGN_IDENTITY[sdk=iphoneos*]" = "iPhone Developer";
				COPY_PHASE_STRIP = NO;
				DEBUG_INFORMATION_FORMAT = "dwarf-with-dsym";
				ENABLE_NS_ASSERTIONS = NO;
				ENABLE_STRICT_OBJC_MSGSEND = YES;
				GCC_C_LANGUAGE_STANDARD = gnu99;
				GCC_NO_COMMON_BLOCKS = YES;
				GCC_WARN_64_TO_32_BIT_CONVERSION = YES;
				GCC_WARN_ABOUT_RETURN_TYPE = YES_ERROR;
				GCC_WARN_UNDECLARED_SELECTOR = YES;
				GCC_WARN_UNINITIALIZED_AUTOS = YES_AGGRESSIVE;
				GCC_WARN_UNUSED_FUNCTION = YES;
				GCC_WARN_UNUSED_VARIABLE = YES;
				IPHONEOS_DEPLOYMENT_TARGET = 8.3;
				MTL_ENABLE_DEBUG_INFO = NO;
				SDKROOT = iphoneos;
				TARGETED_DEVICE_FAMILY = "1,2";
				VALIDATE_PRODUCT = YES;
			};
			name = Release;
		};
		4D0B805B1B31C9F700F3FB48 /* Debug */ = {
			isa = XCBuildConfiguration;
			baseConfigurationReference = 943273C57BC3D6EACA3EF09E /* Pods-DribbbleSDKDev.debug.xcconfig */;
			buildSettings = {
				ASSETCATALOG_COMPILER_APPICON_NAME = AppIcon;
				INFOPLIST_FILE = DribbbleSDKDev/Info.plist;
				LD_RUNPATH_SEARCH_PATHS = "$(inherited) @executable_path/Frameworks";
				PRODUCT_NAME = "$(TARGET_NAME)";
			};
			name = Debug;
		};
		4D0B805C1B31C9F700F3FB48 /* Release */ = {
			isa = XCBuildConfiguration;
			baseConfigurationReference = 634E60F17D4CBD63B98BF83A /* Pods-DribbbleSDKDev.release.xcconfig */;
			buildSettings = {
				ASSETCATALOG_COMPILER_APPICON_NAME = AppIcon;
				INFOPLIST_FILE = DribbbleSDKDev/Info.plist;
				LD_RUNPATH_SEARCH_PATHS = "$(inherited) @executable_path/Frameworks";
				PRODUCT_NAME = "$(TARGET_NAME)";
			};
			name = Release;
		};
		4D0B805E1B31C9F700F3FB48 /* Debug */ = {
			isa = XCBuildConfiguration;
			buildSettings = {
				BUNDLE_LOADER = "$(TEST_HOST)";
				FRAMEWORK_SEARCH_PATHS = (
					"$(SDKROOT)/Developer/Library/Frameworks",
					"$(inherited)",
				);
				GCC_PREPROCESSOR_DEFINITIONS = (
					"DEBUG=1",
					"$(inherited)",
				);
				INFOPLIST_FILE = DribbbleSDKDevTests/Info.plist;
				LD_RUNPATH_SEARCH_PATHS = "$(inherited) @executable_path/Frameworks @loader_path/Frameworks";
				PRODUCT_NAME = "$(TARGET_NAME)";
				TEST_HOST = "$(BUILT_PRODUCTS_DIR)/DribbbleSDKDev.app/DribbbleSDKDev";
			};
			name = Debug;
		};
		4D0B805F1B31C9F700F3FB48 /* Release */ = {
			isa = XCBuildConfiguration;
			buildSettings = {
				BUNDLE_LOADER = "$(TEST_HOST)";
				FRAMEWORK_SEARCH_PATHS = (
					"$(SDKROOT)/Developer/Library/Frameworks",
					"$(inherited)",
				);
				INFOPLIST_FILE = DribbbleSDKDevTests/Info.plist;
				LD_RUNPATH_SEARCH_PATHS = "$(inherited) @executable_path/Frameworks @loader_path/Frameworks";
				PRODUCT_NAME = "$(TARGET_NAME)";
				TEST_HOST = "$(BUILT_PRODUCTS_DIR)/DribbbleSDKDev.app/DribbbleSDKDev";
			};
			name = Release;
		};
/* End XCBuildConfiguration section */

/* Begin XCConfigurationList section */
		4D0B80321B31C9F600F3FB48 /* Build configuration list for PBXProject "DribbbleSDKDev" */ = {
			isa = XCConfigurationList;
			buildConfigurations = (
				4D0B80581B31C9F700F3FB48 /* Debug */,
				4D0B80591B31C9F700F3FB48 /* Release */,
			);
			defaultConfigurationIsVisible = 0;
			defaultConfigurationName = Release;
		};
		4D0B805A1B31C9F700F3FB48 /* Build configuration list for PBXNativeTarget "DribbbleSDKDev" */ = {
			isa = XCConfigurationList;
			buildConfigurations = (
				4D0B805B1B31C9F700F3FB48 /* Debug */,
				4D0B805C1B31C9F700F3FB48 /* Release */,
			);
			defaultConfigurationIsVisible = 0;
			defaultConfigurationName = Release;
		};
		4D0B805D1B31C9F700F3FB48 /* Build configuration list for PBXNativeTarget "DribbbleSDKDevTests" */ = {
			isa = XCConfigurationList;
			buildConfigurations = (
				4D0B805E1B31C9F700F3FB48 /* Debug */,
				4D0B805F1B31C9F700F3FB48 /* Release */,
			);
			defaultConfigurationIsVisible = 0;
			defaultConfigurationName = Release;
		};
/* End XCConfigurationList section */
	};
	rootObject = 4D0B802F1B31C9F600F3FB48 /* Project object */;
}
